<Solution>
  <Project Path="InstagramClone.API/InstagramClone.API.csproj" />
  <Project Path="InstagramClone.Application/InstagramClone.Application.csproj" />
  <Project Path="InstagramClone.Common/InstagramClone.Common.csproj" Id="749effb6-315f-42de-960f-148a0d77e178" />
  <Project Path="InstagramClone.Domain/InstagramClone.Domain.csproj" />
  <Project Path="InstagramClone.Infrastructure/InstagramClone.Infrastructure.csproj" />
</Solution>
